
Microsoft Visual Studio Solution File, Format Version 12.00
# Visual Studio Version 16
VisualStudioVersion = 16.0.30621.155
MinimumVisualStudioVersion = 10.0.40219.1
Project("{FAE04EC0-301F-11D3-BF4B-00C04F79EFBC}") = "BitArrayPG", "BitArrayPG.csproj", "{0DE60910-BF5A-4A60-8C32-83BAD63D594D}"
EndProject
Global
	GlobalSection(SolutionConfigurationPlatforms) = preSolution
		Debug|Any CPU = Debug|Any CPU
		Release|Any CPU = Release|Any CPU
	EndGlobalSection
	GlobalSection(ProjectConfigurationPlatforms) = postSolution
		{0DE60910-BF5A-4A60-8C32-83BAD63D594D}.Debug|Any CPU.ActiveCfg = Debug|Any CPU
		{0DE60910-BF5A-4A60-8C32-83BAD63D594D}.Debug|Any CPU.Build.0 = Debug|Any CPU
		{0DE60910-BF5A-4A60-8C32-83BAD63D594D}.Release|Any CPU.ActiveCfg = Release|Any CPU
		{0DE60910-BF5A-4A60-8C32-83BAD63D594D}.Release|Any CPU.Build.0 = Release|Any CPU
	EndGlobalSection
	GlobalSection(SolutionProperties) = preSolution
		HideSolutionNode = FALSE
	EndGlobalSection
	GlobalSection(ExtensibilityGlobals) = postSolution
		SolutionGuid = {369F0912-845A-45EF-8C7C-EC19F19F07FD}
	EndGlobalSection
EndGlobal
